// !$*UTF8*$!
{
	archiveVersion = 1;
	classes = {
	};
	objectVersion = 46;
	objects = {

/* Begin PBXBuildFile section */
		E611EA86181E7E570095E605 /* Cocoa.framework in Frameworks */ = {isa = PBXBuildFile; fileRef = E611EA85181E7E570095E605 /* Cocoa.framework */; };
		E611EA90181E7E570095E605 /* InfoPlist.strings in Resources */ = {isa = PBXBuildFile; fileRef = E611EA8E181E7E570095E605 /* InfoPlist.strings */; };
		E611EA92181E7E570095E605 /* main.m in Sources */ = {isa = PBXBuildFile; fileRef = E611EA91181E7E570095E605 /* main.m */; };
		E611EA96181E7E570095E605 /* Credits.rtf in Resources */ = {isa = PBXBuildFile; fileRef = E611EA94181E7E570095E605 /* Credits.rtf */; };
		E611EA99181E7E570095E605 /* AppDelegate.m in Sources */ = {isa = PBXBuildFile; fileRef = E611EA98181E7E570095E605 /* AppDelegate.m */; };
		E611EA9C181E7E570095E605 /* MainMenu.xib in Resources */ = {isa = PBXBuildFile; fileRef = E611EA9A181E7E570095E605 /* MainMenu.xib */; };
		E611EA9F181E7E570095E605 /* DBCourseWork.xcdatamodeld in Sources */ = {isa = PBXBuildFile; fileRef = E611EA9D181E7E570095E605 /* DBCourseWork.xcdatamodeld */; };
		E63384E918631D2A00EECCA8 /* FacultyInputView.m in Sources */ = {isa = PBXBuildFile; fileRef = E63384E818631D2A00EECCA8 /* FacultyInputView.m */; };
		E63384EB18631D3900EECCA8 /* FacultyInputView.xib in Resources */ = {isa = PBXBuildFile; fileRef = E63384EA18631D3900EECCA8 /* FacultyInputView.xib */; };
		E63384EF18631EAD00EECCA8 /* FacultyViewController.eero in Sources */ = {isa = PBXBuildFile; fileRef = E63384ED18631EAD00EECCA8 /* FacultyViewController.eero */; };
		E63384F21863228100EECCA8 /* DepartamentInputView.m in Sources */ = {isa = PBXBuildFile; fileRef = E63384F11863228100EECCA8 /* DepartamentInputView.m */; };
		E63384F41863228F00EECCA8 /* DepartamentInputView.xib in Resources */ = {isa = PBXBuildFile; fileRef = E63384F31863228F00EECCA8 /* DepartamentInputView.xib */; };
		E63384F81863236F00EECCA8 /* DepartamentViewController.eero in Sources */ = {isa = PBXBuildFile; fileRef = E63384F61863236F00EECCA8 /* DepartamentViewController.eero */; };
		E6416ADE18532E24007D449D /* Laboratory.m in Sources */ = {isa = PBXBuildFile; fileRef = E6416ADD18532E24007D449D /* Laboratory.m */; };
		E6416AE118532E24007D449D /* Departament.m in Sources */ = {isa = PBXBuildFile; fileRef = E6416AE018532E24007D449D /* Departament.m */; };
		E6416AE418532E24007D449D /* Faculty.m in Sources */ = {isa = PBXBuildFile; fileRef = E6416AE318532E24007D449D /* Faculty.m */; };
		E6416AE718532E24007D449D /* Room.m in Sources */ = {isa = PBXBuildFile; fileRef = E6416AE618532E24007D449D /* Room.m */; };
		E6416AEA18532E24007D449D /* Building.m in Sources */ = {isa = PBXBuildFile; fileRef = E6416AE918532E24007D449D /* Building.m */; };
		E66CB4351861E5C500CF0840 /* InputView.eero in Sources */ = {isa = PBXBuildFile; fileRef = E66CB4331861E5C500CF0840 /* InputView.eero */; };
		E66CB4411861E85900CF0840 /* BuildingInputView.xib in Resources */ = {isa = PBXBuildFile; fileRef = E66CB4401861E85900CF0840 /* BuildingInputView.xib */; };
		E6A6081A185E099F009637AD /* EntityViewController.xib in Resources */ = {isa = PBXBuildFile; fileRef = E6A60819185E099F009637AD /* EntityViewController.xib */; };
		E6ADAFA11860327D00A8032F /* LaboratoryViewController.eero in Sources */ = {isa = PBXBuildFile; fileRef = E6ADAF9F1860327D00A8032F /* LaboratoryViewController.eero */; };
		E6ADAFA918604E8000A8032F /* MainWindowController.eero in Sources */ = {isa = PBXBuildFile; fileRef = E6ADAFA718604E8000A8032F /* MainWindowController.eero */; };
		E6ADAFAC186067A300A8032F /* InputPanel.m in Sources */ = {isa = PBXBuildFile; fileRef = E6ADAFAB186067A300A8032F /* InputPanel.m */; };
		E6ADAFAE186067C700A8032F /* InputPanel.xib in Resources */ = {isa = PBXBuildFile; fileRef = E6ADAFAD186067C700A8032F /* InputPanel.xib */; };
		E6B1B37F1863336100C659EF /* RoomInputView.xib in Resources */ = {isa = PBXBuildFile; fileRef = E6B1B37E1863336100C659EF /* RoomInputView.xib */; };
		E6B1B3831863359700C659EF /* RoomInputView.eero in Sources */ = {isa = PBXBuildFile; fileRef = E6B1B3811863359700C659EF /* RoomInputView.eero */; };
		E6B1B3871863375E00C659EF /* RoomViewController.eero in Sources */ = {isa = PBXBuildFile; fileRef = E6B1B3851863375E00C659EF /* RoomViewController.eero */; };
		E6B1B38A18643D6E00C659EF /* LaboratoryInputView.m in Sources */ = {isa = PBXBuildFile; fileRef = E6B1B38918643D6E00C659EF /* LaboratoryInputView.m */; };
		E6B1B38C18643D7D00C659EF /* LaboratoryInputView.xib in Resources */ = {isa = PBXBuildFile; fileRef = E6B1B38B18643D7D00C659EF /* LaboratoryInputView.xib */; };
		E6B1B39218658C1100C659EF /* Images.xcassets in Resources */ = {isa = PBXBuildFile; fileRef = E6B1B39118658C1100C659EF /* Images.xcassets */; };
		E6D56CD8185D10840023CF1C /* MainWindowController.xib in Resources */ = {isa = PBXBuildFile; fileRef = E6D56CD6185D10840023CF1C /* MainWindowController.xib */; };
		E6DF3CB1185E246900971E4C /* EntityViewController.m in Sources */ = {isa = PBXBuildFile; fileRef = E6DF3CB0185E246900971E4C /* EntityViewController.m */; };
		E6EA638D186307ED0020B902 /* BuildingInputView.m in Sources */ = {isa = PBXBuildFile; fileRef = E6EA638C186307ED0020B902 /* BuildingInputView.m */; };
		E6EA6391186308A20020B902 /* BuildingViewController.eero in Sources */ = {isa = PBXBuildFile; fileRef = E6EA638F186308A20020B902 /* BuildingViewController.eero */; };
		E6EAF7CD185CEE190028EE1A /* MainWindow.m in Sources */ = {isa = PBXBuildFile; fileRef = E6EAF7CC185CEE190028EE1A /* MainWindow.m */; };
/* End PBXBuildFile section */

/* Begin PBXFileReference section */
		E611EA82181E7E570095E605 /* DBCourseWork.app */ = {isa = PBXFileReference; explicitFileType = wrapper.application; includeInIndex = 0; path = DBCourseWork.app; sourceTree = BUILT_PRODUCTS_DIR; };
		E611EA85181E7E570095E605 /* Cocoa.framework */ = {isa = PBXFileReference; lastKnownFileType = wrapper.framework; name = Cocoa.framework; path = System/Library/Frameworks/Cocoa.framework; sourceTree = SDKROOT; };
		E611EA88181E7E570095E605 /* AppKit.framework */ = {isa = PBXFileReference; lastKnownFileType = wrapper.framework; name = AppKit.framework; path = System/Library/Frameworks/AppKit.framework; sourceTree = SDKROOT; };
		E611EA89181E7E570095E605 /* CoreData.framework */ = {isa = PBXFileReference; lastKnownFileType = wrapper.framework; name = CoreData.framework; path = System/Library/Frameworks/CoreData.framework; sourceTree = SDKROOT; };
		E611EA8A181E7E570095E605 /* Foundation.framework */ = {isa = PBXFileReference; lastKnownFileType = wrapper.framework; name = Foundation.framework; path = System/Library/Frameworks/Foundation.framework; sourceTree = SDKROOT; };
		E611EA8D181E7E570095E605 /* DBCourseWork-Info.plist */ = {isa = PBXFileReference; lastKnownFileType = text.plist.xml; path = "DBCourseWork-Info.plist"; sourceTree = "<group>"; };
		E611EA8F181E7E570095E605 /* en */ = {isa = PBXFileReference; lastKnownFileType = text.plist.strings; name = en; path = en.lproj/InfoPlist.strings; sourceTree = "<group>"; };
		E611EA91181E7E570095E605 /* main.m */ = {isa = PBXFileReference; lastKnownFileType = sourcecode.c.objc; path = main.m; sourceTree = "<group>"; };
		E611EA93181E7E570095E605 /* DBCourseWork-Prefix.pch */ = {isa = PBXFileReference; lastKnownFileType = sourcecode.c.h; path = "DBCourseWork-Prefix.pch"; sourceTree = "<group>"; };
		E611EA95181E7E570095E605 /* en */ = {isa = PBXFileReference; lastKnownFileType = text.rtf; name = en; path = en.lproj/Credits.rtf; sourceTree = "<group>"; };
		E611EA97181E7E570095E605 /* AppDelegate.h */ = {isa = PBXFileReference; lastKnownFileType = sourcecode.c.h; path = AppDelegate.h; sourceTree = "<group>"; };
		E611EA98181E7E570095E605 /* AppDelegate.m */ = {isa = PBXFileReference; lastKnownFileType = sourcecode.c.objc; path = AppDelegate.m; sourceTree = "<group>"; };
		E611EA9B181E7E570095E605 /* en */ = {isa = PBXFileReference; lastKnownFileType = file.xib; name = en; path = en.lproj/MainMenu.xib; sourceTree = "<group>"; };
		E611EA9E181E7E570095E605 /* DBCourseWork.xcdatamodel */ = {isa = PBXFileReference; lastKnownFileType = wrapper.xcdatamodel; path = DBCourseWork.xcdatamodel; sourceTree = "<group>"; };
		E63384E718631D2A00EECCA8 /* FacultyInputView.h */ = {isa = PBXFileReference; fileEncoding = 4; lastKnownFileType = sourcecode.c.h; path = FacultyInputView.h; sourceTree = "<group>"; };
		E63384E818631D2A00EECCA8 /* FacultyInputView.m */ = {isa = PBXFileReference; fileEncoding = 4; lastKnownFileType = sourcecode.c.objc; path = FacultyInputView.m; sourceTree = "<group>"; };
		E63384EA18631D3900EECCA8 /* FacultyInputView.xib */ = {isa = PBXFileReference; fileEncoding = 4; lastKnownFileType = file.xib; path = FacultyInputView.xib; sourceTree = "<group>"; };
		E63384ED18631EAD00EECCA8 /* FacultyViewController.eero */ = {isa = PBXFileReference; fileEncoding = 4; lastKnownFileType = sourcecode.eero; path = FacultyViewController.eero; sourceTree = "<group>"; };
		E63384F01863228100EECCA8 /* DepartamentInputView.h */ = {isa = PBXFileReference; fileEncoding = 4; lastKnownFileType = sourcecode.c.h; path = DepartamentInputView.h; sourceTree = "<group>"; };
		E63384F11863228100EECCA8 /* DepartamentInputView.m */ = {isa = PBXFileReference; fileEncoding = 4; lastKnownFileType = sourcecode.c.objc; path = DepartamentInputView.m; sourceTree = "<group>"; };
		E63384F31863228F00EECCA8 /* DepartamentInputView.xib */ = {isa = PBXFileReference; fileEncoding = 4; lastKnownFileType = file.xib; path = DepartamentInputView.xib; sourceTree = "<group>"; };
		E63384F61863236F00EECCA8 /* DepartamentViewController.eero */ = {isa = PBXFileReference; fileEncoding = 4; lastKnownFileType = sourcecode.eero; path = DepartamentViewController.eero; sourceTree = "<group>"; };
		E6416ADC18532E24007D449D /* Laboratory.h */ = {isa = PBXFileReference; fileEncoding = 4; lastKnownFileType = sourcecode.c.h; path = Laboratory.h; sourceTree = "<group>"; };
		E6416ADD18532E24007D449D /* Laboratory.m */ = {isa = PBXFileReference; fileEncoding = 4; lastKnownFileType = sourcecode.c.objc; path = Laboratory.m; sourceTree = "<group>"; };
		E6416ADF18532E24007D449D /* Departament.h */ = {isa = PBXFileReference; fileEncoding = 4; lastKnownFileType = sourcecode.c.h; path = Departament.h; sourceTree = "<group>"; };
		E6416AE018532E24007D449D /* Departament.m */ = {isa = PBXFileReference; fileEncoding = 4; lastKnownFileType = sourcecode.c.objc; path = Departament.m; sourceTree = "<group>"; };
		E6416AE218532E24007D449D /* Faculty.h */ = {isa = PBXFileReference; fileEncoding = 4; lastKnownFileType = sourcecode.c.h; path = Faculty.h; sourceTree = "<group>"; };
		E6416AE318532E24007D449D /* Faculty.m */ = {isa = PBXFileReference; fileEncoding = 4; lastKnownFileType = sourcecode.c.objc; path = Faculty.m; sourceTree = "<group>"; };
		E6416AE518532E24007D449D /* Room.h */ = {isa = PBXFileReference; fileEncoding = 4; lastKnownFileType = sourcecode.c.h; path = Room.h; sourceTree = "<group>"; };
		E6416AE618532E24007D449D /* Room.m */ = {isa = PBXFileReference; fileEncoding = 4; lastKnownFileType = sourcecode.c.objc; path = Room.m; sourceTree = "<group>"; };
		E6416AE818532E24007D449D /* Building.h */ = {isa = PBXFileReference; fileEncoding = 4; lastKnownFileType = sourcecode.c.h; path = Building.h; sourceTree = "<group>"; };
		E6416AE918532E24007D449D /* Building.m */ = {isa = PBXFileReference; fileEncoding = 4; lastKnownFileType = sourcecode.c.objc; path = Building.m; sourceTree = "<group>"; };
		E66CB4331861E5C500CF0840 /* InputView.eero */ = {isa = PBXFileReference; fileEncoding = 4; lastKnownFileType = sourcecode.eero; path = InputView.eero; sourceTree = "<group>"; };
		E66CB4361861E5D600CF0840 /* InputView.h */ = {isa = PBXFileReference; fileEncoding = 4; lastKnownFileType = sourcecode.c.h; path = InputView.h; sourceTree = "<group>"; };
		E66CB4391861E83100CF0840 /* BuildingInputView.h */ = {isa = PBXFileReference; fileEncoding = 4; lastKnownFileType = sourcecode.c.h; path = BuildingInputView.h; sourceTree = "<group>"; };
		E66CB4401861E85900CF0840 /* BuildingInputView.xib */ = {isa = PBXFileReference; fileEncoding = 4; lastKnownFileType = file.xib; path = BuildingInputView.xib; sourceTree = "<group>"; };
		E6A60814185E0965009637AD /* FacultyViewController.h */ = {isa = PBXFileReference; fileEncoding = 4; lastKnownFileType = sourcecode.c.h; path = FacultyViewController.h; sourceTree = "<group>"; };
		E6A60819185E099F009637AD /* EntityViewController.xib */ = {isa = PBXFileReference; fileEncoding = 4; lastKnownFileType = file.xib; path = EntityViewController.xib; sourceTree = "<group>"; };
		E6ADAF9F1860327D00A8032F /* LaboratoryViewController.eero */ = {isa = PBXFileReference; fileEncoding = 4; lastKnownFileType = sourcecode.eero; path = LaboratoryViewController.eero; sourceTree = "<group>"; };
		E6ADAFA718604E8000A8032F /* MainWindowController.eero */ = {isa = PBXFileReference; fileEncoding = 4; lastKnownFileType = sourcecode.eero; path = MainWindowController.eero; sourceTree = "<group>"; };
		E6ADAFAA186067A300A8032F /* InputPanel.h */ = {isa = PBXFileReference; fileEncoding = 4; lastKnownFileType = sourcecode.c.h; path = InputPanel.h; sourceTree = "<group>"; };
		E6ADAFAB186067A300A8032F /* InputPanel.m */ = {isa = PBXFileReference; fileEncoding = 4; lastKnownFileType = sourcecode.c.objc; path = InputPanel.m; sourceTree = "<group>"; };
		E6ADAFAD186067C700A8032F /* InputPanel.xib */ = {isa = PBXFileReference; fileEncoding = 4; lastKnownFileType = file.xib; path = InputPanel.xib; sourceTree = "<group>"; };
		E6B1B37B1863335200C659EF /* RoomInputView.h */ = {isa = PBXFileReference; fileEncoding = 4; lastKnownFileType = sourcecode.c.h; path = RoomInputView.h; sourceTree = "<group>"; };
		E6B1B37E1863336100C659EF /* RoomInputView.xib */ = {isa = PBXFileReference; fileEncoding = 4; lastKnownFileType = file.xib; path = RoomInputView.xib; sourceTree = "<group>"; };
		E6B1B3811863359700C659EF /* RoomInputView.eero */ = {isa = PBXFileReference; fileEncoding = 4; lastKnownFileType = sourcecode.eero; path = RoomInputView.eero; sourceTree = "<group>"; };
		E6B1B3851863375E00C659EF /* RoomViewController.eero */ = {isa = PBXFileReference; fileEncoding = 4; lastKnownFileType = sourcecode.eero; path = RoomViewController.eero; sourceTree = "<group>"; };
		E6B1B38818643D6E00C659EF /* LaboratoryInputView.h */ = {isa = PBXFileReference; fileEncoding = 4; lastKnownFileType = sourcecode.c.h; path = LaboratoryInputView.h; sourceTree = "<group>"; };
		E6B1B38918643D6E00C659EF /* LaboratoryInputView.m */ = {isa = PBXFileReference; fileEncoding = 4; lastKnownFileType = sourcecode.c.objc; path = LaboratoryInputView.m; sourceTree = "<group>"; };
		E6B1B38B18643D7D00C659EF /* LaboratoryInputView.xib */ = {isa = PBXFileReference; fileEncoding = 4; lastKnownFileType = file.xib; path = LaboratoryInputView.xib; sourceTree = "<group>"; };
		E6B1B39118658C1100C659EF /* Images.xcassets */ = {isa = PBXFileReference; lastKnownFileType = folder.assetcatalog; path = Images.xcassets; sourceTree = "<group>"; };
		E6D56CD4185D10840023CF1C /* MainWindowController.h */ = {isa = PBXFileReference; fileEncoding = 4; lastKnownFileType = sourcecode.c.h; path = MainWindowController.h; sourceTree = "<group>"; };
		E6D56CD6185D10840023CF1C /* MainWindowController.xib */ = {isa = PBXFileReference; fileEncoding = 4; lastKnownFileType = file.xib; path = MainWindowController.xib; sourceTree = "<group>"; };
		E6D56CDB185DD0B00023CF1C /* BuildingViewController.h */ = {isa = PBXFileReference; fileEncoding = 4; lastKnownFileType = sourcecode.c.h; path = BuildingViewController.h; sourceTree = "<group>"; };
		E6DDB318185F1C0A00BD8BEC /* LaboratoryViewController.h */ = {isa = PBXFileReference; fileEncoding = 4; lastKnownFileType = sourcecode.c.h; path = LaboratoryViewController.h; sourceTree = "<group>"; };
		E6DF3CAF185E246900971E4C /* EntityViewController.h */ = {isa = PBXFileReference; fileEncoding = 4; lastKnownFileType = sourcecode.c.h; path = EntityViewController.h; sourceTree = "<group>"; };
		E6DF3CB0185E246900971E4C /* EntityViewController.m */ = {isa = PBXFileReference; fileEncoding = 4; lastKnownFileType = sourcecode.c.objc; path = EntityViewController.m; sourceTree = "<group>"; };
		E6DF3CB7185E43D800971E4C /* RoomViewController.h */ = {isa = PBXFileReference; fileEncoding = 4; lastKnownFileType = sourcecode.c.h; path = RoomViewController.h; sourceTree = "<group>"; };
		E6DF3CBF185EDEB400971E4C /* DepartamentViewController.h */ = {isa = PBXFileReference; fileEncoding = 4; lastKnownFileType = sourcecode.c.h; path = DepartamentViewController.h; sourceTree = "<group>"; };
		E6EA638C186307ED0020B902 /* BuildingInputView.m */ = {isa = PBXFileReference; fileEncoding = 4; lastKnownFileType = sourcecode.c.objc; path = BuildingInputView.m; sourceTree = "<group>"; };
		E6EA638F186308A20020B902 /* BuildingViewController.eero */ = {isa = PBXFileReference; fileEncoding = 4; lastKnownFileType = sourcecode.eero; path = BuildingViewController.eero; sourceTree = "<group>"; };
		E6EAF7CB185CEE190028EE1A /* MainWindow.h */ = {isa = PBXFileReference; fileEncoding = 4; lastKnownFileType = sourcecode.c.h; path = MainWindow.h; sourceTree = "<group>"; };
		E6EAF7CC185CEE190028EE1A /* MainWindow.m */ = {isa = PBXFileReference; fileEncoding = 4; lastKnownFileType = sourcecode.c.objc; path = MainWindow.m; sourceTree = "<group>"; };
/* End PBXFileReference section */

/* Begin PBXFrameworksBuildPhase section */
		E611EA7F181E7E570095E605 /* Frameworks */ = {
			isa = PBXFrameworksBuildPhase;
			buildActionMask = 2147483647;
			files = (
				E611EA86181E7E570095E605 /* Cocoa.framework in Frameworks */,
			);
			runOnlyForDeploymentPostprocessing = 0;
		};
/* End PBXFrameworksBuildPhase section */

/* Begin PBXGroup section */
		E611EA79181E7E570095E605 = {
			isa = PBXGroup;
			children = (
				E611EA8B181E7E570095E605 /* DBCourseWork */,
				E611EA84181E7E570095E605 /* Frameworks */,
				E611EA83181E7E570095E605 /* Products */,
			);
			sourceTree = "<group>";
		};
		E611EA83181E7E570095E605 /* Products */ = {
			isa = PBXGroup;
			children = (
				E611EA82181E7E570095E605 /* DBCourseWork.app */,
			);
			name = Products;
			sourceTree = "<group>";
		};
		E611EA84181E7E570095E605 /* Frameworks */ = {
			isa = PBXGroup;
			children = (
				E611EA85181E7E570095E605 /* Cocoa.framework */,
				E611EA87181E7E570095E605 /* Other Frameworks */,
			);
			name = Frameworks;
			sourceTree = "<group>";
		};
		E611EA87181E7E570095E605 /* Other Frameworks */ = {
			isa = PBXGroup;
			children = (
				E611EA88181E7E570095E605 /* AppKit.framework */,
				E611EA89181E7E570095E605 /* CoreData.framework */,
				E611EA8A181E7E570095E605 /* Foundation.framework */,
			);
			name = "Other Frameworks";
			sourceTree = "<group>";
		};
		E611EA8B181E7E570095E605 /* DBCourseWork */ = {
			isa = PBXGroup;
			children = (
				E6416ADB18532E0D007D449D /* Entities */,
				E611EA97181E7E570095E605 /* AppDelegate.h */,
				E611EA98181E7E570095E605 /* AppDelegate.m */,
				E611EA9A181E7E570095E605 /* MainMenu.xib */,
				E611EA9D181E7E570095E605 /* DBCourseWork.xcdatamodeld */,
				E6EAF7CB185CEE190028EE1A /* MainWindow.h */,
				E6EAF7CC185CEE190028EE1A /* MainWindow.m */,
				E6D56CD4185D10840023CF1C /* MainWindowController.h */,
				E6ADAFA718604E8000A8032F /* MainWindowController.eero */,
				E6D56CD6185D10840023CF1C /* MainWindowController.xib */,
				E6EAF7D1185CF7D00028EE1A /* Entitiy view controllers */,
				E6B1B39118658C1100C659EF /* Images.xcassets */,
				E611EA8C181E7E570095E605 /* Supporting Files */,
			);
			path = DBCourseWork;
			sourceTree = "<group>";
		};
		E611EA8C181E7E570095E605 /* Supporting Files */ = {
			isa = PBXGroup;
			children = (
				E611EA8D181E7E570095E605 /* DBCourseWork-Info.plist */,
				E611EA8E181E7E570095E605 /* InfoPlist.strings */,
				E611EA91181E7E570095E605 /* main.m */,
				E611EA93181E7E570095E605 /* DBCourseWork-Prefix.pch */,
				E611EA94181E7E570095E605 /* Credits.rtf */,
			);
			name = "Supporting Files";
			sourceTree = "<group>";
		};
		E6416ADB18532E0D007D449D /* Entities */ = {
			isa = PBXGroup;
			children = (
				E6416AE818532E24007D449D /* Building.h */,
				E6416AE918532E24007D449D /* Building.m */,
				E6416AE518532E24007D449D /* Room.h */,
				E6416AE618532E24007D449D /* Room.m */,
				E6416AE218532E24007D449D /* Faculty.h */,
				E6416AE318532E24007D449D /* Faculty.m */,
				E6416ADF18532E24007D449D /* Departament.h */,
				E6416AE018532E24007D449D /* Departament.m */,
				E6416ADC18532E24007D449D /* Laboratory.h */,
				E6416ADD18532E24007D449D /* Laboratory.m */,
			);
			name = Entities;
			sourceTree = "<group>";
		};
		E6D56CE1185DF8DA0023CF1C /* Inputpanels */ = {
			isa = PBXGroup;
			children = (
				E6ADAFAA186067A300A8032F /* InputPanel.h */,
				E6ADAFAB186067A300A8032F /* InputPanel.m */,
				E6ADAFAD186067C700A8032F /* InputPanel.xib */,
				E66CB4361861E5D600CF0840 /* InputView.h */,
				E66CB4331861E5C500CF0840 /* InputView.eero */,
				E66CB4391861E83100CF0840 /* BuildingInputView.h */,
				E6EA638C186307ED0020B902 /* BuildingInputView.m */,
				E66CB4401861E85900CF0840 /* BuildingInputView.xib */,
				E63384E718631D2A00EECCA8 /* FacultyInputView.h */,
				E63384E818631D2A00EECCA8 /* FacultyInputView.m */,
				E63384EA18631D3900EECCA8 /* FacultyInputView.xib */,
				E63384F01863228100EECCA8 /* DepartamentInputView.h */,
				E63384F11863228100EECCA8 /* DepartamentInputView.m */,
				E63384F31863228F00EECCA8 /* DepartamentInputView.xib */,
				E6B1B37B1863335200C659EF /* RoomInputView.h */,
				E6B1B3811863359700C659EF /* RoomInputView.eero */,
				E6B1B37E1863336100C659EF /* RoomInputView.xib */,
				E6B1B38818643D6E00C659EF /* LaboratoryInputView.h */,
				E6B1B38918643D6E00C659EF /* LaboratoryInputView.m */,
				E6B1B38B18643D7D00C659EF /* LaboratoryInputView.xib */,
			);
			name = Inputpanels;
			sourceTree = "<group>";
		};
		E6EAF7D1185CF7D00028EE1A /* Entitiy view controllers */ = {
			isa = PBXGroup;
			children = (
				E6DF3CAF185E246900971E4C /* EntityViewController.h */,
				E6DF3CB0185E246900971E4C /* EntityViewController.m */,
				E6A60819185E099F009637AD /* EntityViewController.xib */,
				E6D56CDB185DD0B00023CF1C /* BuildingViewController.h */,
				E6EA638F186308A20020B902 /* BuildingViewController.eero */,
				E6A60814185E0965009637AD /* FacultyViewController.h */,
				E63384ED18631EAD00EECCA8 /* FacultyViewController.eero */,
				E6DF3CB7185E43D800971E4C /* RoomViewController.h */,
				E6B1B3851863375E00C659EF /* RoomViewController.eero */,
				E6DF3CBF185EDEB400971E4C /* DepartamentViewController.h */,
				E63384F61863236F00EECCA8 /* DepartamentViewController.eero */,
				E6DDB318185F1C0A00BD8BEC /* LaboratoryViewController.h */,
				E6ADAF9F1860327D00A8032F /* LaboratoryViewController.eero */,
				E6D56CE1185DF8DA0023CF1C /* Inputpanels */,
			);
			name = "Entitiy view controllers";
			sourceTree = "<group>";
		};
/* End PBXGroup section */

/* Begin PBXNativeTarget section */
		E611EA81181E7E570095E605 /* DBCourseWork */ = {
			isa = PBXNativeTarget;
			buildConfigurationList = E611EAA2181E7E570095E605 /* Build configuration list for PBXNativeTarget "DBCourseWork" */;
			buildPhases = (
				E611EA7E181E7E570095E605 /* Sources */,
				E611EA7F181E7E570095E605 /* Frameworks */,
				E611EA80181E7E570095E605 /* Resources */,
			);
			buildRules = (
			);
			dependencies = (
			);
			name = DBCourseWork;
			productName = DBCourseWork;
			productReference = E611EA82181E7E570095E605 /* DBCourseWork.app */;
			productType = "com.apple.product-type.application";
		};
/* End PBXNativeTarget section */

/* Begin PBXProject section */
		E611EA7A181E7E570095E605 /* Project object */ = {
			isa = PBXProject;
			attributes = {
				LastUpgradeCheck = 0460;
				ORGANIZATIONNAME = "Victor Shamanov";
			};
			buildConfigurationList = E611EA7D181E7E570095E605 /* Build configuration list for PBXProject "DBCourseWork" */;
			compatibilityVersion = "Xcode 3.2";
			developmentRegion = English;
			hasScannedForEncodings = 0;
			knownRegions = (
				en,
			);
			mainGroup = E611EA79181E7E570095E605;
			productRefGroup = E611EA83181E7E570095E605 /* Products */;
			projectDirPath = "";
			projectRoot = "";
			targets = (
				E611EA81181E7E570095E605 /* DBCourseWork */,
			);
		};
/* End PBXProject section */

/* Begin PBXResourcesBuildPhase section */
		E611EA80181E7E570095E605 /* Resources */ = {
			isa = PBXResourcesBuildPhase;
			buildActionMask = 2147483647;
			files = (
				E66CB4411861E85900CF0840 /* BuildingInputView.xib in Resources */,
				E6B1B37F1863336100C659EF /* RoomInputView.xib in Resources */,
				E6B1B38C18643D7D00C659EF /* LaboratoryInputView.xib in Resources */,
				E63384EB18631D3900EECCA8 /* FacultyInputView.xib in Resources */,
				E611EA90181E7E570095E605 /* InfoPlist.strings in Resources */,
				E6ADAFAE186067C700A8032F /* InputPanel.xib in Resources */,
				E611EA96181E7E570095E605 /* Credits.rtf in Resources */,
				E6D56CD8185D10840023CF1C /* MainWindowController.xib in Resources */,
				E6A6081A185E099F009637AD /* EntityViewController.xib in Resources */,
				E6B1B39218658C1100C659EF /* Images.xcassets in Resources */,
				E611EA9C181E7E570095E605 /* MainMenu.xib in Resources */,
				E63384F41863228F00EECCA8 /* DepartamentInputView.xib in Resources */,
			);
			runOnlyForDeploymentPostprocessing = 0;
		};
/* End PBXResourcesBuildPhase section */

/* Begin PBXSourcesBuildPhase section */
		E611EA7E181E7E570095E605 /* Sources */ = {
			isa = PBXSourcesBuildPhase;
			buildActionMask = 2147483647;
			files = (
				E6DF3CB1185E246900971E4C /* EntityViewController.m in Sources */,
				E6ADAFAC186067A300A8032F /* InputPanel.m in Sources */,
				E63384F81863236F00EECCA8 /* DepartamentViewController.eero in Sources */,
				E611EA92181E7E570095E605 /* main.m in Sources */,
				E6B1B3871863375E00C659EF /* RoomViewController.eero in Sources */,
				E6ADAFA918604E8000A8032F /* MainWindowController.eero in Sources */,
				E6416AE118532E24007D449D /* Departament.m in Sources */,
				E6EAF7CD185CEE190028EE1A /* MainWindow.m in Sources */,
				E63384F21863228100EECCA8 /* DepartamentInputView.m in Sources */,
				E611EA99181E7E570095E605 /* AppDelegate.m in Sources */,
				E6416AEA18532E24007D449D /* Building.m in Sources */,
				E6EA638D186307ED0020B902 /* BuildingInputView.m in Sources */,
				E66CB4351861E5C500CF0840 /* InputView.eero in Sources */,
				E6416ADE18532E24007D449D /* Laboratory.m in Sources */,
				E6EA6391186308A20020B902 /* BuildingViewController.eero in Sources */,
				E6416AE418532E24007D449D /* Faculty.m in Sources */,
				E6416AE718532E24007D449D /* Room.m in Sources */,
				E63384E918631D2A00EECCA8 /* FacultyInputView.m in Sources */,
				E6B1B38A18643D6E00C659EF /* LaboratoryInputView.m in Sources */,
				E611EA9F181E7E570095E605 /* DBCourseWork.xcdatamodeld in Sources */,
				E63384EF18631EAD00EECCA8 /* FacultyViewController.eero in Sources */,
				E6ADAFA11860327D00A8032F /* LaboratoryViewController.eero in Sources */,
				E6B1B3831863359700C659EF /* RoomInputView.eero in Sources */,
			);
			runOnlyForDeploymentPostprocessing = 0;
		};
/* End PBXSourcesBuildPhase section */

/* Begin PBXVariantGroup section */
		E611EA8E181E7E570095E605 /* InfoPlist.strings */ = {
			isa = PBXVariantGroup;
			children = (
				E611EA8F181E7E570095E605 /* en */,
			);
			name = InfoPlist.strings;
			sourceTree = "<group>";
		};
		E611EA94181E7E570095E605 /* Credits.rtf */ = {
			isa = PBXVariantGroup;
			children = (
				E611EA95181E7E570095E605 /* en */,
			);
			name = Credits.rtf;
			sourceTree = "<group>";
		};
		E611EA9A181E7E570095E605 /* MainMenu.xib */ = {
			isa = PBXVariantGroup;
			children = (
				E611EA9B181E7E570095E605 /* en */,
			);
			name = MainMenu.xib;
			sourceTree = "<group>";
		};
/* End PBXVariantGroup section */

/* Begin XCBuildConfiguration section */
		E611EAA0181E7E570095E605 /* Debug */ = {
			isa = XCBuildConfiguration;
			buildSettings = {
				ALWAYS_SEARCH_USER_PATHS = NO;
				ARCHS = "$(ARCHS_STANDARD_64_BIT)";
				CLANG_CXX_LANGUAGE_STANDARD = "gnu++0x";
				CLANG_CXX_LIBRARY = "libc++";
				CLANG_ENABLE_OBJC_ARC = YES;
				CLANG_WARN_CONSTANT_CONVERSION = YES;
				CLANG_WARN_EMPTY_BODY = YES;
				CLANG_WARN_ENUM_CONVERSION = YES;
				CLANG_WARN_INT_CONVERSION = YES;
				CLANG_WARN__DUPLICATE_METHOD_MATCH = YES;
				COPY_PHASE_STRIP = NO;
				GCC_C_LANGUAGE_STANDARD = gnu99;
				GCC_DYNAMIC_NO_PIC = NO;
				GCC_ENABLE_OBJC_EXCEPTIONS = YES;
				GCC_OPTIMIZATION_LEVEL = 0;
				GCC_PREPROCESSOR_DEFINITIONS = (
					"DEBUG=1",
					"$(inherited)",
				);
				GCC_SYMBOLS_PRIVATE_EXTERN = NO;
				GCC_WARN_64_TO_32_BIT_CONVERSION = YES;
				GCC_WARN_ABOUT_RETURN_TYPE = YES;
				GCC_WARN_UNINITIALIZED_AUTOS = YES;
				GCC_WARN_UNUSED_VARIABLE = YES;
				MACOSX_DEPLOYMENT_TARGET = 10.9;
				ONLY_ACTIVE_ARCH = YES;
				SDKROOT = macosx;
			};
			name = Debug;
		};
		E611EAA1181E7E570095E605 /* Release */ = {
			isa = XCBuildConfiguration;
			buildSettings = {
				ALWAYS_SEARCH_USER_PATHS = NO;
				ARCHS = "$(ARCHS_STANDARD_64_BIT)";
				CLANG_CXX_LANGUAGE_STANDARD = "gnu++0x";
				CLANG_CXX_LIBRARY = "libc++";
				CLANG_ENABLE_OBJC_ARC = YES;
				CLANG_WARN_CONSTANT_CONVERSION = YES;
				CLANG_WARN_EMPTY_BODY = YES;
				CLANG_WARN_ENUM_CONVERSION = YES;
				CLANG_WARN_INT_CONVERSION = YES;
				CLANG_WARN__DUPLICATE_METHOD_MATCH = YES;
				COPY_PHASE_STRIP = YES;
				DEBUG_INFORMATION_FORMAT = "dwarf-with-dsym";
				GCC_C_LANGUAGE_STANDARD = gnu99;
				GCC_ENABLE_OBJC_EXCEPTIONS = YES;
				GCC_WARN_64_TO_32_BIT_CONVERSION = YES;
				GCC_WARN_ABOUT_RETURN_TYPE = YES;
				GCC_WARN_UNINITIALIZED_AUTOS = YES;
				GCC_WARN_UNUSED_VARIABLE = YES;
				MACOSX_DEPLOYMENT_TARGET = 10.9;
				SDKROOT = macosx;
			};
			name = Release;
		};
		E611EAA3181E7E570095E605 /* Debug */ = {
			isa = XCBuildConfiguration;
			buildSettings = {
				ASSETCATALOG_COMPILER_APPICON_NAME = AppIcon;
				COMBINE_HIDPI_IMAGES = YES;
				GCC_PRECOMPILE_PREFIX_HEADER = YES;
				GCC_PREFIX_HEADER = "DBCourseWork/DBCourseWork-Prefix.pch";
				INFOPLIST_FILE = "DBCourseWork/DBCourseWork-Info.plist";
				MACOSX_DEPLOYMENT_TARGET = 10.8;
				PRODUCT_NAME = "$(TARGET_NAME)";
				WRAPPER_EXTENSION = app;
			};
			name = Debug;
		};
		E611EAA4181E7E570095E605 /* Release */ = {
			isa = XCBuildConfiguration;
			buildSettings = {
				ASSETCATALOG_COMPILER_APPICON_NAME = AppIcon;
				COMBINE_HIDPI_IMAGES = YES;
				GCC_PRECOMPILE_PREFIX_HEADER = YES;
				GCC_PREFIX_HEADER = "DBCourseWork/DBCourseWork-Prefix.pch";
				INFOPLIST_FILE = "DBCourseWork/DBCourseWork-Info.plist";
				MACOSX_DEPLOYMENT_TARGET = 10.8;
				PRODUCT_NAME = "$(TARGET_NAME)";
				WRAPPER_EXTENSION = app;
			};
			name = Release;
		};
/* End XCBuildConfiguration section */

/* Begin XCConfigurationList section */
		E611EA7D181E7E570095E605 /* Build configuration list for PBXProject "DBCourseWork" */ = {
			isa = XCConfigurationList;
			buildConfigurations = (
				E611EAA0181E7E570095E605 /* Debug */,
				E611EAA1181E7E570095E605 /* Release */,
			);
			defaultConfigurationIsVisible = 0;
			defaultConfigurationName = Release;
		};
		E611EAA2181E7E570095E605 /* Build configuration list for PBXNativeTarget "DBCourseWork" */ = {
			isa = XCConfigurationList;
			buildConfigurations = (
				E611EAA3181E7E570095E605 /* Debug */,
				E611EAA4181E7E570095E605 /* Release */,
			);
			defaultConfigurationIsVisible = 0;
			defaultConfigurationName = Release;
		};
/* End XCConfigurationList section */

/* Begin XCVersionGroup section */
		E611EA9D181E7E570095E605 /* DBCourseWork.xcdatamodeld */ = {
			isa = XCVersionGroup;
			children = (
				E611EA9E181E7E570095E605 /* DBCourseWork.xcdatamodel */,
			);
			currentVersion = E611EA9E181E7E570095E605 /* DBCourseWork.xcdatamodel */;
			path = DBCourseWork.xcdatamodeld;
			sourceTree = "<group>";
			versionGroupType = wrapper.xcdatamodel;
		};
/* End XCVersionGroup section */
	};
	rootObject = E611EA7A181E7E570095E605 /* Project object */;
}
